{
  "name": "@al10s/react-native-orbit-sqlite",
  "version": "0.0.1",
  "lockfileVersion": 1,
  "requires": true,
  "dependencies": {
    "@orbit/core": {
      "version": "0.16.3",
      "resolved": "https://registry.npmjs.org/@orbit/core/-/core-0.16.3.tgz",
      "integrity": "sha512-E4g4twgp8eg6440w3Mjc4+xP+SnyHx2UaDvxLrWx0rV579/jy7zxx98vQxW//lTuU/AXEycKZ3FVzrRDRN/3Cw==",
      "requires": {
        "@orbit/utils": "^0.16.3"
      }
    },
    "@orbit/data": {
      "version": "0.16.3",
      "resolved": "https://registry.npmjs.org/@orbit/data/-/data-0.16.3.tgz",
      "integrity": "sha512-e3DyYqpULl4W7QGXr3/SvHVb95byQT1P2gcyBLZpFlMawhxIiT2E1qSWAmutkrK7d7NfKEk9xBlnEcMnIlpc6A==",
      "requires": {
        "@orbit/core": "^0.16.3",
        "@orbit/utils": "^0.16.3"
      }
    },
    "@orbit/record-cache": {
      "version": "0.16.3",
      "resolved": "https://registry.npmjs.org/@orbit/record-cache/-/record-cache-0.16.3.tgz",
      "integrity": "sha512-uc5F9GqhrUo8VGuVfjC1TPnbnp9vpozRGFf0M7iqyFn9Xe7e71dgZZeFjhvoL8+2qyB/2j0yCYR6bcUEGTwMmQ==",
      "requires": {
        "@orbit/core": "^0.16.3",
        "@orbit/data": "^0.16.3",
        "@orbit/utils": "^0.16.3"
      }
    },
    "@orbit/utils": {
      "version": "0.16.3",
      "resolved": "https://registry.npmjs.org/@orbit/utils/-/utils-0.16.3.tgz",
      "integrity": "sha512-JSF9xVRUEWugGtcR9mFOCzsMLphWMh/8xAe0FOuEpyyBFxBlWLuovatg/cwvlHo7AJh3J5StiiJXmBecTk/m6A=="
    },
    "@types/react-native-sqlite-storage": {
      "version": "3.3.1",
      "resolved": "https://registry.npmjs.org/@types/react-native-sqlite-storage/-/react-native-sqlite-storage-3.3.1.tgz",
      "integrity": "sha512-IZMfZb1v1pkBzUsg8nV84QTtkfdU18A7L7iKCQ89sDYIoVpKDiiSvJitmzPTsNw8uuaU+eZW4nqptZFbmnjF3w==",
      "dev": true
    },
    "react-native-sqlite-storage": {
      "version": "4.1.0",
      "resolved": "https://registry.npmjs.org/react-native-sqlite-storage/-/react-native-sqlite-storage-4.1.0.tgz",
      "integrity": "sha512-H8++CILlZQ2f2n+OvVmGyqMaV+UFKTRSTx9/3eIAxBg4d0rjeZogs6hgHlfADvEGNmrEyUBDpnX9+uHnDtwAHQ=="
    },
    "typescript": {
      "version": "3.6.4",
      "resolved": "https://registry.npmjs.org/typescript/-/typescript-3.6.4.tgz",
      "integrity": "sha512-unoCll1+l+YK4i4F8f22TaNVPRHcD9PA3yCuZ8g5e0qGqlVlJ/8FSateOLLSagn+Yg5+ZwuPkL8LFUc0Jcvksg==",
      "dev": true
    }
  }
}
