# THIS IS AN AUTOGENERATED FILE. DO NOT EDIT THIS FILE DIRECTLY.
# yarn lockfile v1


"@orbit/core@^0.16.3":
  version "0.16.3"
  resolved "https://registry.yarnpkg.com/@orbit/core/-/core-0.16.3.tgz#e172c28279cf8bd875957cb71317970aaa98aeb2"
  integrity sha512-E4g4twgp8eg6440w3Mjc4+xP+SnyHx2UaDvxLrWx0rV579/jy7zxx98vQxW//lTuU/AXEycKZ3FVzrRDRN/3Cw==
  dependencies:
    "@orbit/utils" "^0.16.3"

"@orbit/data@^0.16.3":
  version "0.16.3"
  resolved "https://registry.yarnpkg.com/@orbit/data/-/data-0.16.3.tgz#c4bebb3d3be313538cd3c5630fa7ff7aadff804d"
  integrity sha512-e3DyYqpULl4W7QGXr3/SvHVb95byQT1P2gcyBLZpFlMawhxIiT2E1qSWAmutkrK7d7NfKEk9xBlnEcMnIlpc6A==
  dependencies:
    "@orbit/core" "^0.16.3"
    "@orbit/utils" "^0.16.3"

"@orbit/record-cache@^0.16.3":
  version "0.16.3"
  resolved "https://registry.yarnpkg.com/@orbit/record-cache/-/record-cache-0.16.3.tgz#fe3c42d96efec3e978e8ef3007b46d84b94f6466"
  integrity sha512-uc5F9GqhrUo8VGuVfjC1TPnbnp9vpozRGFf0M7iqyFn9Xe7e71dgZZeFjhvoL8+2qyB/2j0yCYR6bcUEGTwMmQ==
  dependencies:
    "@orbit/core" "^0.16.3"
    "@orbit/data" "^0.16.3"
    "@orbit/utils" "^0.16.3"

"@orbit/utils@^0.16.3":
  version "0.16.3"
  resolved "https://registry.yarnpkg.com/@orbit/utils/-/utils-0.16.3.tgz#fa94700191360c4c49fc9fdf464994cfe817dd0b"
  integrity sha512-JSF9xVRUEWugGtcR9mFOCzsMLphWMh/8xAe0FOuEpyyBFxBlWLuovatg/cwvlHo7AJh3J5StiiJXmBecTk/m6A==

"@types/react-native-sqlite-storage@^3.3.1":
  version "3.3.1"
  resolved "https://registry.yarnpkg.com/@types/react-native-sqlite-storage/-/react-native-sqlite-storage-3.3.1.tgz#6d0cc439780c34d187de52e74a5f10527045f96b"
  integrity sha512-IZMfZb1v1pkBzUsg8nV84QTtkfdU18A7L7iKCQ89sDYIoVpKDiiSvJitmzPTsNw8uuaU+eZW4nqptZFbmnjF3w==

react-native-sqlite-storage@^4.1.0:
  version "4.1.0"
  resolved "https://registry.yarnpkg.com/react-native-sqlite-storage/-/react-native-sqlite-storage-4.1.0.tgz#641780eef06bc90b853d3dcd628c0fe54b656d7b"
  integrity sha512-H8++CILlZQ2f2n+OvVmGyqMaV+UFKTRSTx9/3eIAxBg4d0rjeZogs6hgHlfADvEGNmrEyUBDpnX9+uHnDtwAHQ==

typescript@^3.6.4:
  version "3.6.4"
  resolved "https://registry.yarnpkg.com/typescript/-/typescript-3.6.4.tgz#b18752bb3792bc1a0281335f7f6ebf1bbfc5b91d"
  integrity sha512-unoCll1+l+YK4i4F8f22TaNVPRHcD9PA3yCuZ8g5e0qGqlVlJ/8FSateOLLSagn+Yg5+ZwuPkL8LFUc0Jcvksg==
